{
  "name": "smartquestionmaker",
  "lockfileVersion": 3,
  "requires": true,
  "packages": {
    "": {
      "dependencies": {
        "hook": "^0.1.0"
      }
    },
    "node_modules/hook": {
      "version": "0.1.0",
      "resolved": "https://registry.npmjs.org/hook/-/hook-0.1.0.tgz",
      "integrity": "sha512-yw9zYnuecHBrUMpQOgLvXMtKPc8OCDRjp9+WnAh0o/uBbg+sKwDUKrfiKCd1WkcDdkNGo8UKD6Fv+gc8JfS50A==",
      "license": "MIT"
    }
  }
}
